
Microsoft Visual Studio Solution File, Format Version 12.00
# Visual Studio Version 17
VisualStudioVersion = 17.3.32929.385
MinimumVisualStudioVersion = 10.0.40219.1
Project("{FAE04EC0-301F-11D3-BF4B-00C04F79EFBC}") = "THA_W7_THEO F_BIOSKOP", "THA_W7_THEO F_BIOSKOP\THA_W7_THEO F_BIOSKOP.csproj", "{F6E1687E-7C3F-4872-8E5D-07CF70FF3D4E}"
EndProject
Global
	GlobalSection(SolutionConfigurationPlatforms) = preSolution
		Debug|Any CPU = Debug|Any CPU
		Release|Any CPU = Release|Any CPU
	EndGlobalSection
	GlobalSection(ProjectConfigurationPlatforms) = postSolution
		{F6E1687E-7C3F-4872-8E5D-07CF70FF3D4E}.Debug|Any CPU.ActiveCfg = Debug|Any CPU
		{F6E1687E-7C3F-4872-8E5D-07CF70FF3D4E}.Debug|Any CPU.Build.0 = Debug|Any CPU
		{F6E1687E-7C3F-4872-8E5D-07CF70FF3D4E}.Release|Any CPU.ActiveCfg = Release|Any CPU
		{F6E1687E-7C3F-4872-8E5D-07CF70FF3D4E}.Release|Any CPU.Build.0 = Release|Any CPU
	EndGlobalSection
	GlobalSection(SolutionProperties) = preSolution
		HideSolutionNode = FALSE
	EndGlobalSection
	GlobalSection(ExtensibilityGlobals) = postSolution
		SolutionGuid = {ADA501C7-93D0-40BB-BF35-B75DA6FE72CC}
	EndGlobalSection
EndGlobal
